
Microsoft Visual Studio Solution File, Format Version 12.00
# Visual Studio Version 16
VisualStudioVersion = 16.0.29215.179
MinimumVisualStudioVersion = 10.0.40219.1
Project("{FAE04EC0-301F-11D3-BF4B-00C04F79EFBC}") = "Api_Healthcheck", "Api_Healthcheck.csproj", "{43D10988-8ED8-4F9F-AD6A-84707FFF81C8}"
EndProject
Global
	GlobalSection(SolutionConfigurationPlatforms) = preSolution
		Debug|Any CPU = Debug|Any CPU
		Release|Any CPU = Release|Any CPU
	EndGlobalSection
	GlobalSection(ProjectConfigurationPlatforms) = postSolution
		{43D10988-8ED8-4F9F-AD6A-84707FFF81C8}.Debug|Any CPU.ActiveCfg = Debug|Any CPU
		{43D10988-8ED8-4F9F-AD6A-84707FFF81C8}.Debug|Any CPU.Build.0 = Debug|Any CPU
		{43D10988-8ED8-4F9F-AD6A-84707FFF81C8}.Release|Any CPU.ActiveCfg = Release|Any CPU
		{43D10988-8ED8-4F9F-AD6A-84707FFF81C8}.Release|Any CPU.Build.0 = Release|Any CPU
	EndGlobalSection
	GlobalSection(SolutionProperties) = preSolution
		HideSolutionNode = FALSE
	EndGlobalSection
	GlobalSection(ExtensibilityGlobals) = postSolution
		SolutionGuid = {81BEC70A-3D6D-4A1D-81EE-156566BEF9A1}
	EndGlobalSection
EndGlobal
